github.com/UlysseChopard/go-learning/lenconv v0.0.0-20230410123845-de87ef974717 h1:/ZHePP+Ogmqnd3TLtRe6ubji8HzTR1ERtV3NSju4sZ0=
github.com/UlysseChopard/go-learning/lenconv v0.0.0-20230410123845-de87ef974717/go.mod h1:dZVrqFnC/j74RmnWudJSymMqtFbXcai49POXce/bhTQ=
github.com/UlysseChopard/go-learning/tempconv v0.0.0-20230410114638-a25bfbce0d1e h1:NFcHN09TZ8xc/+zLf6q2bh/5d2cwKmzam+RQxyJKK2A=
github.com/UlysseChopard/go-learning/tempconv v0.0.0-20230410114638-a25bfbce0d1e/go.mod h1:1rHVOu4HTdMK/+NmWlzW/BQ/SdW2rAhqVM6mzwcChZI=
github.com/UlysseChopard/go-learning/tempconv v0.0.0-20230410120706-f23e198db936 h1:pjWR7U5ryRy+QYDsrFrGyioS4tJ/1A4/diRDCCIUnK0=
github.com/UlysseChopard/go-learning/tempconv v0.0.0-20230410120706-f23e198db936/go.mod h1:1rHVOu4HTdMK/+NmWlzW/BQ/SdW2rAhqVM6mzwcChZI=
github.com/UlysseChopard/go-learning/weightconv v0.0.0-20230410123845-de87ef974717 h1:3p7Svzr6U6Sq+6th0Dd4mPEslFXYfUvBfArw4rCZulE=
github.com/UlysseChopard/go-learning/weightconv v0.0.0-20230410123845-de87ef974717/go.mod h1:F5wKzDQbfB78rnDptUHdH7F/QI7uLC30QcSutVEFGXk=
